# This file is automatically @generated by Cargo.
# It is not intended for manual editing.
version = 3

[[package]]
name = "acd52832"
version = "0.1.0"
dependencies = [
 "capsules",
 "components",
 "cortexm4",
 "kernel",
 "nrf52832",
 "nrf52_components",
]

[[package]]
name = "apollo3"
version = "0.1.0"
dependencies = [
 "cortexm4",
 "enum_primitive",
 "kernel",
]

[[package]]
name = "arty_e21"
version = "0.1.0"
dependencies = [
 "arty_e21_chip",
 "capsules",
 "components",
 "kernel",
 "rv32i",
 "sifive",
]

[[package]]
name = "arty_e21_chip"
version = "0.1.0"
dependencies = [
 "kernel",
 "rv32i",
 "sifive",
]

[[package]]
name = "capsules"
version = "0.1.0"
dependencies = [
 "enum_primitive",
 "kernel",
 "tickv",
]

[[package]]
name = "clue_nrf52840"
version = "0.1.0"
dependencies = [
 "capsules",
 "components",
 "cortexm4",
 "kernel",
 "nrf52",
 "nrf52840",
 "nrf52_components",
]

[[package]]
name = "components"
version = "0.1.0"
dependencies = [
 "capsules",
 "kernel",
]

[[package]]
name = "cortexm"
version = "0.1.0"
dependencies = [
 "kernel",
]

[[package]]
name = "cortexm0"
version = "0.1.0"
dependencies = [
 "cortexm",
 "kernel",
]

[[package]]
name = "cortexm0p"
version = "0.1.0"
dependencies = [
 "cortexm",
 "cortexm0",
 "kernel",
]

[[package]]
name = "cortexm3"
version = "0.1.0"
dependencies = [
 "cortexm",
 "kernel",
]

[[package]]
name = "cortexm4"
version = "0.1.0"
dependencies = [
 "cortexm",
 "kernel",
]

[[package]]
name = "cortexm7"
version = "0.1.0"
dependencies = [
 "cortexm",
 "kernel",
]

[[package]]
name = "e310x"
version = "0.1.0"
dependencies = [
 "kernel",
 "rv32i",
 "sifive",
]

[[package]]
name = "earlgrey"
version = "0.1.0"
dependencies = [
 "kernel",
 "lowrisc",
 "rv32i",
]

[[package]]
name = "earlgrey-cw310"
version = "0.1.0"
dependencies = [
 "capsules",
 "components",
 "earlgrey",
 "kernel",
 "lowrisc",
 "rv32i",
]

[[package]]
name = "earlgrey-nexysvideo"
version = "0.1.0"
dependencies = [
 "capsules",
 "components",
 "earlgrey",
 "kernel",
 "lowrisc",
 "rv32i",
]

[[package]]
name = "enum_primitive"
version = "0.1.0"

[[package]]
name = "esp32"
version = "0.1.0"
dependencies = [
 "kernel",
]

[[package]]
name = "esp32-c3"
version = "0.1.0"
dependencies = [
 "esp32",
 "kernel",
 "rv32i",
]

[[package]]
name = "esp32-c3-board"
version = "0.1.0"
dependencies = [
 "capsules",
 "components",
 "esp32",
 "esp32-c3",
 "kernel",
 "rv32i",
]

[[package]]
name = "hail"
version = "0.1.0"
dependencies = [
 "capsules",
 "components",
 "cortexm4",
 "kernel",
 "sam4l",
]

[[package]]
name = "hifive1"
version = "0.1.0"
dependencies = [
 "capsules",
 "components",
 "e310x",
 "kernel",
 "rv32i",
 "sifive",
]

[[package]]
name = "imix"
version = "0.1.0"
dependencies = [
 "capsules",
 "components",
 "cortexm4",
 "kernel",
 "sam4l",
]

[[package]]
name = "imxrt1050-evkb"
version = "0.1.0"
dependencies = [
 "capsules",
 "components",
 "cortexm7",
 "imxrt10xx",
 "kernel",
]

[[package]]
name = "imxrt10xx"
version = "0.1.0"
dependencies = [
 "cortexm7",
 "enum_primitive",
 "kernel",
]

[[package]]
name = "kernel"
version = "0.1.0"
dependencies = [
 "tock-cells",
 "tock-registers",
 "tock-tbf",
]

[[package]]
name = "litex"
version = "0.1.0"
dependencies = [
 "kernel",
 "tock-registers",
]

[[package]]
name = "litex_arty"
version = "0.1.0"
dependencies = [
 "capsules",
 "components",
 "kernel",
 "litex_vexriscv",
 "rv32i",
]

[[package]]
name = "litex_sim"
version = "0.1.0"
dependencies = [
 "capsules",
 "components",
 "kernel",
 "litex_vexriscv",
 "rv32i",
]

[[package]]
name = "litex_vexriscv"
version = "0.1.0"
dependencies = [
 "kernel",
 "litex",
 "rv32i",
]

[[package]]
name = "lowrisc"
version = "0.1.0"
dependencies = [
 "kernel",
 "rv32i",
]

[[package]]
name = "microbit_v2"
version = "0.1.0"
dependencies = [
 "capsules",
 "components",
 "cortexm4",
 "kernel",
 "nrf52",
 "nrf52833",
 "nrf52_components",
]

[[package]]
name = "msp-exp432p401r"
version = "0.1.0"
dependencies = [
 "capsules",
 "components",
 "cortexm4",
 "kernel",
 "msp432",
]

[[package]]
name = "msp432"
version = "0.1.0"
dependencies = [
 "cortexm4",
 "enum_primitive",
 "kernel",
]

[[package]]
name = "nano33ble"
version = "0.1.0"
dependencies = [
 "capsules",
 "components",
 "cortexm4",
 "kernel",
 "nrf52",
 "nrf52840",
 "nrf52_components",
]

[[package]]
name = "nano_rp2040_connect"
version = "0.1.0"
dependencies = [
 "capsules",
 "components",
 "cortexm0p",
 "enum_primitive",
 "kernel",
 "rp2040",
]

[[package]]
name = "nrf52"
version = "0.1.0"
dependencies = [
 "cortexm4",
 "enum_primitive",
 "kernel",
 "nrf5x",
]

[[package]]
name = "nrf52832"
version = "0.1.0"
dependencies = [
 "cortexm4",
 "kernel",
 "nrf52",
]

[[package]]
name = "nrf52833"
version = "0.1.0"
dependencies = [
 "cortexm4",
 "kernel",
 "nrf52",
]

[[package]]
name = "nrf52840"
version = "0.1.0"
dependencies = [
 "cortexm4",
 "kernel",
 "nrf52",
]

[[package]]
name = "nrf52840_dongle"
version = "0.1.0"
dependencies = [
 "capsules",
 "components",
 "cortexm4",
 "kernel",
 "nrf52840",
 "nrf52_components",
]

[[package]]
name = "nrf52840dk"
version = "0.1.0"
dependencies = [
 "capsules",
 "components",
 "cortexm4",
 "kernel",
 "nrf52840",
 "nrf52_components",
]

[[package]]
name = "nrf52_components"
version = "0.1.0"
dependencies = [
 "capsules",
 "components",
 "cortexm4",
 "kernel",
 "nrf52",
]

[[package]]
name = "nrf52dk"
version = "0.1.0"
dependencies = [
 "capsules",
 "components",
 "cortexm4",
 "kernel",
 "nrf52832",
 "nrf52_components",
]

[[package]]
name = "nrf5x"
version = "0.1.0"
dependencies = [
 "enum_primitive",
 "kernel",
]

[[package]]
name = "nucleo_f429zi"
version = "0.1.0"
dependencies = [
 "capsules",
 "components",
 "cortexm4",
 "kernel",
 "stm32f429zi",
]

[[package]]
name = "nucleo_f446re"
version = "0.1.0"
dependencies = [
 "capsules",
 "components",
 "cortexm4",
 "kernel",
 "stm32f446re",
]

[[package]]
name = "pico_explorer_base"
version = "0.1.0"
dependencies = [
 "capsules",
 "components",
 "cortexm0p",
 "enum_primitive",
 "kernel",
 "rp2040",
]

[[package]]
name = "raspberry_pi_pico"
version = "0.1.0"
dependencies = [
 "capsules",
 "components",
 "cortexm0p",
 "enum_primitive",
 "kernel",
 "rp2040",
]

[[package]]
name = "redboard_artemis_nano"
version = "0.1.0"
dependencies = [
 "apollo3",
 "capsules",
 "components",
 "cortexm4",
 "kernel",
]

[[package]]
name = "riscv"
version = "0.1.0"
dependencies = [
 "kernel",
 "riscv-csr",
 "tock-registers",
]

[[package]]
name = "riscv-csr"
version = "0.1.0"
dependencies = [
 "tock-registers",
]

[[package]]
name = "rp2040"
version = "0.1.0"
dependencies = [
 "cortexm0p",
 "enum_primitive",
 "kernel",
]

[[package]]
name = "rv32i"
version = "0.1.0"
dependencies = [
 "kernel",
 "riscv",
 "riscv-csr",
 "tock-registers",
]

[[package]]
name = "sam4l"
version = "0.1.0"
dependencies = [
 "cortexm4",
 "kernel",
]

[[package]]
name = "sifive"
version = "0.1.0"
dependencies = [
 "kernel",
 "rv32i",
]

[[package]]
name = "stm32f303xc"
version = "0.1.0"
dependencies = [
 "cortexm4",
 "enum_primitive",
 "kernel",
]

[[package]]
name = "stm32f3discovery"
version = "0.1.0"
dependencies = [
 "capsules",
 "components",
 "cortexm4",
 "kernel",
 "stm32f303xc",
]

[[package]]
name = "stm32f401cc"
version = "0.1.0"
dependencies = [
 "cortexm4",
 "enum_primitive",
 "kernel",
 "stm32f4xx",
]

[[package]]
name = "stm32f412g"
version = "0.1.0"
dependencies = [
 "cortexm4",
 "enum_primitive",
 "kernel",
 "stm32f4xx",
]

[[package]]
name = "stm32f412gdiscovery"
version = "0.1.0"
dependencies = [
 "capsules",
 "components",
 "cortexm4",
 "kernel",
 "stm32f412g",
]

[[package]]
name = "stm32f429zi"
version = "0.1.0"
dependencies = [
 "cortexm4",
 "enum_primitive",
 "kernel",
 "stm32f4xx",
]

[[package]]
name = "stm32f446re"
version = "0.1.0"
dependencies = [
 "cortexm4",
 "enum_primitive",
 "kernel",
 "stm32f4xx",
]

[[package]]
name = "stm32f4xx"
version = "0.1.0"
dependencies = [
 "cortexm4",
 "enum_primitive",
 "kernel",
]

[[package]]
name = "swerv"
version = "0.1.0"
dependencies = [
 "kernel",
 "riscv-csr",
 "tock-registers",
]

[[package]]
name = "swervolf"
version = "0.1.0"
dependencies = [
 "capsules",
 "components",
 "kernel",
 "rv32i",
 "swerv",
 "swervolf-eh1",
]

[[package]]
name = "swervolf-eh1"
version = "0.1.0"
dependencies = [
 "kernel",
 "rv32i",
 "swerv",
]

[[package]]
name = "teensy40"
version = "0.1.0"
dependencies = [
 "capsules",
 "components",
 "cortexm7",
 "imxrt10xx",
 "kernel",
]

[[package]]
name = "tickv"
version = "0.1.0"

[[package]]
name = "tock-cells"
version = "0.1.0"

[[package]]
name = "tock-registers"
version = "0.7.0"

[[package]]
name = "tock-tbf"
version = "0.1.0"

[[package]]
name = "weact-f401ccu6"
version = "0.1.0"
dependencies = [
 "capsules",
 "components",
 "cortexm4",
 "kernel",
 "stm32f401cc",
]
